
Microsoft Visual Studio Solution File, Format Version 12.00
# Visual Studio 15
VisualStudioVersion = 15.0.27130.2010
MinimumVisualStudioVersion = 10.0.40219.1
Project("{9A19103F-16F7-4668-BE54-9A1E7A4F7556}") = "Test.IdentityServer4.AspNetIdentity", "Test.IdentityServer4.AspNetIdentity\Test.IdentityServer4.AspNetIdentity.csproj", "{7E6EA6CE-4D71-4897-87BE-CE00EFDDB0AD}"
EndProject
Project("{9A19103F-16F7-4668-BE54-9A1E7A4F7556}") = "Test.WebAPI", "Test.WebAPI\Test.WebAPI.csproj", "{453EF442-C82F-469D-8656-A811EB0D9C4A}"
EndProject
Project("{9A19103F-16F7-4668-BE54-9A1E7A4F7556}") = "Test.MvcClient", "Test.MvcClient\Test.MvcClient.csproj", "{5C88079A-1F19-43CC-8BFD-83F604118553}"
EndProject
Project("{9A19103F-16F7-4668-BE54-9A1E7A4F7556}") = "Test.JavaScriptClient", "Test.JavaScriptClient\Test.JavaScriptClient.csproj", "{8E2F48FD-A0E8-460E-B465-062A97CDE67E}"
EndProject
Project("{9A19103F-16F7-4668-BE54-9A1E7A4F7556}") = "Test.IdentityServer4.Login", "Test.IdentityServer4.Login\Test.IdentityServer4.Login.csproj", "{313F0ADA-B3D3-4560-8128-52EB06A0A954}"
EndProject
Project("{9A19103F-16F7-4668-BE54-9A1E7A4F7556}") = "Test.WebAPI.Swagger", "Test.WebAPI.Swagger\Test.WebAPI.Swagger.csproj", "{8A6550A3-8E94-4FC4-B9D6-6E0CC618F4DA}"
EndProject
Project("{9A19103F-16F7-4668-BE54-9A1E7A4F7556}") = "Test.IdentityServer4.SqlCustomData", "Test.IdentityServer4.SqlCustomData\Test.IdentityServer4.SqlCustomData.csproj", "{5CCB60B8-636B-4B78-956D-C71A805EC56A}"
EndProject
Project("{9A19103F-16F7-4668-BE54-9A1E7A4F7556}") = "Test.IdentityServer4.EFCustomStore", "Test.IdentityServer4.EFCustomStore\Test.IdentityServer4.EFCustomStore.csproj", "{363612E2-D28A-4F46-A069-1AA3D69D8F41}"
EndProject
Project("{9A19103F-16F7-4668-BE54-9A1E7A4F7556}") = "Test.Data", "Test.Data\Test.Data.csproj", "{F78457BB-9046-4D39-8725-FD0D8B432541}"
EndProject
Project("{9A19103F-16F7-4668-BE54-9A1E7A4F7556}") = "Test.WebAPI.Swagger.RealData", "Test.WebAPI.Swagger.RealData\Test.WebAPI.Swagger.RealData.csproj", "{DCC8452F-650C-4188-8920-DD7D7E4858C8}"
EndProject
Project("{2150E333-8FDC-42A3-9474-1A3956D46DE8}") = "ASP.NET Identity", "ASP.NET Identity", "{B506D7E6-BECC-4323-8AD5-E709ABCBDFBF}"
EndProject
Project("{2150E333-8FDC-42A3-9474-1A3956D46DE8}") = "SQL Direct Data Store", "SQL Direct Data Store", "{498F44C8-4DD7-4163-B7DC-E12063105D43}"
EndProject
Project("{2150E333-8FDC-42A3-9474-1A3956D46DE8}") = "EF Core Data Store", "EF Core Data Store", "{AC58F4AF-EE72-4AE0-9A47-A42BDB0CC8DF}"
EndProject
Project("{2150E333-8FDC-42A3-9474-1A3956D46DE8}") = "Test Clients", "Test Clients", "{AF0407D3-DD20-4B3E-A12C-865ED327DC77}"
EndProject
Project("{2150E333-8FDC-42A3-9474-1A3956D46DE8}") = "Test APIs", "Test APIs", "{81754631-B28C-463F-A884-23BF7DB1F3E5}"
EndProject
Project("{9A19103F-16F7-4668-BE54-9A1E7A4F7556}") = "Test.Library", "Test.Library\Test.Library.csproj", "{4ACADFE3-3B84-4106-A74E-20FD752A2065}"
EndProject
Project("{9A19103F-16F7-4668-BE54-9A1E7A4F7556}") = "Test.WebAPI.Swagger.ClientCredentials", "Test.WebAPI.Swagger.ClientCredentials\Test.WebAPI.Swagger.ClientCredentials.csproj", "{38199794-B44E-467E-B78C-51932786DB1A}"
EndProject
Project("{9A19103F-16F7-4668-BE54-9A1E7A4F7556}") = "Test.ConsoleApp.ClientCredentials", "Test.ConsoleApp.ClientCredentials\Test.ConsoleApp.ClientCredentials.csproj", "{55E13B1D-25A2-4168-80F4-1B41B300F9CC}"
EndProject
Project("{FAE04EC0-301F-11D3-BF4B-00C04F79EFBC}") = "Test.JavaScriptClient.ClientCredentials", "Test.JavaScriptClient.ClientCredentials\Test.JavaScriptClient.ClientCredentials.csproj", "{F1273CA4-62E6-4FA6-A20D-D8403DA3D4CF}"
EndProject
Global
	GlobalSection(SolutionConfigurationPlatforms) = preSolution
		Debug|Any CPU = Debug|Any CPU
		Release|Any CPU = Release|Any CPU
	EndGlobalSection
	GlobalSection(ProjectConfigurationPlatforms) = postSolution
		{7E6EA6CE-4D71-4897-87BE-CE00EFDDB0AD}.Debug|Any CPU.ActiveCfg = Debug|Any CPU
		{7E6EA6CE-4D71-4897-87BE-CE00EFDDB0AD}.Debug|Any CPU.Build.0 = Debug|Any CPU
		{7E6EA6CE-4D71-4897-87BE-CE00EFDDB0AD}.Release|Any CPU.ActiveCfg = Release|Any CPU
		{7E6EA6CE-4D71-4897-87BE-CE00EFDDB0AD}.Release|Any CPU.Build.0 = Release|Any CPU
		{453EF442-C82F-469D-8656-A811EB0D9C4A}.Debug|Any CPU.ActiveCfg = Debug|Any CPU
		{453EF442-C82F-469D-8656-A811EB0D9C4A}.Debug|Any CPU.Build.0 = Debug|Any CPU
		{453EF442-C82F-469D-8656-A811EB0D9C4A}.Release|Any CPU.ActiveCfg = Release|Any CPU
		{453EF442-C82F-469D-8656-A811EB0D9C4A}.Release|Any CPU.Build.0 = Release|Any CPU
		{5C88079A-1F19-43CC-8BFD-83F604118553}.Debug|Any CPU.ActiveCfg = Debug|Any CPU
		{5C88079A-1F19-43CC-8BFD-83F604118553}.Debug|Any CPU.Build.0 = Debug|Any CPU
		{5C88079A-1F19-43CC-8BFD-83F604118553}.Release|Any CPU.ActiveCfg = Release|Any CPU
		{5C88079A-1F19-43CC-8BFD-83F604118553}.Release|Any CPU.Build.0 = Release|Any CPU
		{8E2F48FD-A0E8-460E-B465-062A97CDE67E}.Debug|Any CPU.ActiveCfg = Debug|Any CPU
		{8E2F48FD-A0E8-460E-B465-062A97CDE67E}.Debug|Any CPU.Build.0 = Debug|Any CPU
		{8E2F48FD-A0E8-460E-B465-062A97CDE67E}.Release|Any CPU.ActiveCfg = Release|Any CPU
		{8E2F48FD-A0E8-460E-B465-062A97CDE67E}.Release|Any CPU.Build.0 = Release|Any CPU
		{313F0ADA-B3D3-4560-8128-52EB06A0A954}.Debug|Any CPU.ActiveCfg = Debug|Any CPU
		{313F0ADA-B3D3-4560-8128-52EB06A0A954}.Debug|Any CPU.Build.0 = Debug|Any CPU
		{313F0ADA-B3D3-4560-8128-52EB06A0A954}.Release|Any CPU.ActiveCfg = Release|Any CPU
		{313F0ADA-B3D3-4560-8128-52EB06A0A954}.Release|Any CPU.Build.0 = Release|Any CPU
		{8A6550A3-8E94-4FC4-B9D6-6E0CC618F4DA}.Debug|Any CPU.ActiveCfg = Debug|Any CPU
		{8A6550A3-8E94-4FC4-B9D6-6E0CC618F4DA}.Debug|Any CPU.Build.0 = Debug|Any CPU
		{8A6550A3-8E94-4FC4-B9D6-6E0CC618F4DA}.Release|Any CPU.ActiveCfg = Release|Any CPU
		{8A6550A3-8E94-4FC4-B9D6-6E0CC618F4DA}.Release|Any CPU.Build.0 = Release|Any CPU
		{5CCB60B8-636B-4B78-956D-C71A805EC56A}.Debug|Any CPU.ActiveCfg = Debug|Any CPU
		{5CCB60B8-636B-4B78-956D-C71A805EC56A}.Debug|Any CPU.Build.0 = Debug|Any CPU
		{5CCB60B8-636B-4B78-956D-C71A805EC56A}.Release|Any CPU.ActiveCfg = Release|Any CPU
		{5CCB60B8-636B-4B78-956D-C71A805EC56A}.Release|Any CPU.Build.0 = Release|Any CPU
		{363612E2-D28A-4F46-A069-1AA3D69D8F41}.Debug|Any CPU.ActiveCfg = Debug|Any CPU
		{363612E2-D28A-4F46-A069-1AA3D69D8F41}.Debug|Any CPU.Build.0 = Debug|Any CPU
		{363612E2-D28A-4F46-A069-1AA3D69D8F41}.Release|Any CPU.ActiveCfg = Release|Any CPU
		{363612E2-D28A-4F46-A069-1AA3D69D8F41}.Release|Any CPU.Build.0 = Release|Any CPU
		{F78457BB-9046-4D39-8725-FD0D8B432541}.Debug|Any CPU.ActiveCfg = Debug|Any CPU
		{F78457BB-9046-4D39-8725-FD0D8B432541}.Debug|Any CPU.Build.0 = Debug|Any CPU
		{F78457BB-9046-4D39-8725-FD0D8B432541}.Release|Any CPU.ActiveCfg = Release|Any CPU
		{F78457BB-9046-4D39-8725-FD0D8B432541}.Release|Any CPU.Build.0 = Release|Any CPU
		{DCC8452F-650C-4188-8920-DD7D7E4858C8}.Debug|Any CPU.ActiveCfg = Debug|Any CPU
		{DCC8452F-650C-4188-8920-DD7D7E4858C8}.Debug|Any CPU.Build.0 = Debug|Any CPU
		{DCC8452F-650C-4188-8920-DD7D7E4858C8}.Release|Any CPU.ActiveCfg = Release|Any CPU
		{DCC8452F-650C-4188-8920-DD7D7E4858C8}.Release|Any CPU.Build.0 = Release|Any CPU
		{4ACADFE3-3B84-4106-A74E-20FD752A2065}.Debug|Any CPU.ActiveCfg = Debug|Any CPU
		{4ACADFE3-3B84-4106-A74E-20FD752A2065}.Debug|Any CPU.Build.0 = Debug|Any CPU
		{4ACADFE3-3B84-4106-A74E-20FD752A2065}.Release|Any CPU.ActiveCfg = Release|Any CPU
		{4ACADFE3-3B84-4106-A74E-20FD752A2065}.Release|Any CPU.Build.0 = Release|Any CPU
		{38199794-B44E-467E-B78C-51932786DB1A}.Debug|Any CPU.ActiveCfg = Debug|Any CPU
		{38199794-B44E-467E-B78C-51932786DB1A}.Debug|Any CPU.Build.0 = Debug|Any CPU
		{38199794-B44E-467E-B78C-51932786DB1A}.Release|Any CPU.ActiveCfg = Release|Any CPU
		{38199794-B44E-467E-B78C-51932786DB1A}.Release|Any CPU.Build.0 = Release|Any CPU
		{55E13B1D-25A2-4168-80F4-1B41B300F9CC}.Debug|Any CPU.ActiveCfg = Debug|Any CPU
		{55E13B1D-25A2-4168-80F4-1B41B300F9CC}.Debug|Any CPU.Build.0 = Debug|Any CPU
		{55E13B1D-25A2-4168-80F4-1B41B300F9CC}.Release|Any CPU.ActiveCfg = Release|Any CPU
		{55E13B1D-25A2-4168-80F4-1B41B300F9CC}.Release|Any CPU.Build.0 = Release|Any CPU
		{F1273CA4-62E6-4FA6-A20D-D8403DA3D4CF}.Debug|Any CPU.ActiveCfg = Debug|Any CPU
		{F1273CA4-62E6-4FA6-A20D-D8403DA3D4CF}.Debug|Any CPU.Build.0 = Debug|Any CPU
		{F1273CA4-62E6-4FA6-A20D-D8403DA3D4CF}.Release|Any CPU.ActiveCfg = Release|Any CPU
		{F1273CA4-62E6-4FA6-A20D-D8403DA3D4CF}.Release|Any CPU.Build.0 = Release|Any CPU
	EndGlobalSection
	GlobalSection(SolutionProperties) = preSolution
		HideSolutionNode = FALSE
	EndGlobalSection
	GlobalSection(NestedProjects) = preSolution
		{7E6EA6CE-4D71-4897-87BE-CE00EFDDB0AD} = {B506D7E6-BECC-4323-8AD5-E709ABCBDFBF}
		{453EF442-C82F-469D-8656-A811EB0D9C4A} = {81754631-B28C-463F-A884-23BF7DB1F3E5}
		{5C88079A-1F19-43CC-8BFD-83F604118553} = {AF0407D3-DD20-4B3E-A12C-865ED327DC77}
		{8E2F48FD-A0E8-460E-B465-062A97CDE67E} = {AF0407D3-DD20-4B3E-A12C-865ED327DC77}
		{313F0ADA-B3D3-4560-8128-52EB06A0A954} = {B506D7E6-BECC-4323-8AD5-E709ABCBDFBF}
		{8A6550A3-8E94-4FC4-B9D6-6E0CC618F4DA} = {81754631-B28C-463F-A884-23BF7DB1F3E5}
		{5CCB60B8-636B-4B78-956D-C71A805EC56A} = {498F44C8-4DD7-4163-B7DC-E12063105D43}
		{363612E2-D28A-4F46-A069-1AA3D69D8F41} = {AC58F4AF-EE72-4AE0-9A47-A42BDB0CC8DF}
		{F78457BB-9046-4D39-8725-FD0D8B432541} = {AC58F4AF-EE72-4AE0-9A47-A42BDB0CC8DF}
		{DCC8452F-650C-4188-8920-DD7D7E4858C8} = {AC58F4AF-EE72-4AE0-9A47-A42BDB0CC8DF}
		{4ACADFE3-3B84-4106-A74E-20FD752A2065} = {AC58F4AF-EE72-4AE0-9A47-A42BDB0CC8DF}
		{38199794-B44E-467E-B78C-51932786DB1A} = {81754631-B28C-463F-A884-23BF7DB1F3E5}
		{55E13B1D-25A2-4168-80F4-1B41B300F9CC} = {AF0407D3-DD20-4B3E-A12C-865ED327DC77}
		{F1273CA4-62E6-4FA6-A20D-D8403DA3D4CF} = {AF0407D3-DD20-4B3E-A12C-865ED327DC77}
	EndGlobalSection
	GlobalSection(ExtensibilityGlobals) = postSolution
		SolutionGuid = {94C6F611-BB84-474F-8644-1B60648D01C2}
	EndGlobalSection
EndGlobal
