
Microsoft Visual Studio Solution File, Format Version 12.00
# Visual Studio 15
VisualStudioVersion = 15.0.27428.2037
MinimumVisualStudioVersion = 10.0.40219.1
Project("{FAE04EC0-301F-11D3-BF4B-00C04F79EFBC}") = "Test.IdentityServer4.AspNetIdentity", "Test.IdentityServer4.AspNetIdentity\Test.IdentityServer4.AspNetIdentity.csproj", "{7E6EA6CE-4D71-4897-87BE-CE00EFDDB0AD}"
EndProject
Project("{FAE04EC0-301F-11D3-BF4B-00C04F79EFBC}") = "Test.WebAPI", "Test.WebAPI\Test.WebAPI.csproj", "{453EF442-C82F-469D-8656-A811EB0D9C4A}"
EndProject
Project("{FAE04EC0-301F-11D3-BF4B-00C04F79EFBC}") = "Test.MvcClient", "Test.MvcClient\Test.MvcClient.csproj", "{5C88079A-1F19-43CC-8BFD-83F604118553}"
EndProject
Global
	GlobalSection(SolutionConfigurationPlatforms) = preSolution
		Debug|Any CPU = Debug|Any CPU
		Release|Any CPU = Release|Any CPU
	EndGlobalSection
	GlobalSection(ProjectConfigurationPlatforms) = postSolution
		{7E6EA6CE-4D71-4897-87BE-CE00EFDDB0AD}.Debug|Any CPU.ActiveCfg = Debug|Any CPU
		{7E6EA6CE-4D71-4897-87BE-CE00EFDDB0AD}.Debug|Any CPU.Build.0 = Debug|Any CPU
		{7E6EA6CE-4D71-4897-87BE-CE00EFDDB0AD}.Release|Any CPU.ActiveCfg = Release|Any CPU
		{7E6EA6CE-4D71-4897-87BE-CE00EFDDB0AD}.Release|Any CPU.Build.0 = Release|Any CPU
		{453EF442-C82F-469D-8656-A811EB0D9C4A}.Debug|Any CPU.ActiveCfg = Debug|Any CPU
		{453EF442-C82F-469D-8656-A811EB0D9C4A}.Debug|Any CPU.Build.0 = Debug|Any CPU
		{453EF442-C82F-469D-8656-A811EB0D9C4A}.Release|Any CPU.ActiveCfg = Release|Any CPU
		{453EF442-C82F-469D-8656-A811EB0D9C4A}.Release|Any CPU.Build.0 = Release|Any CPU
		{5C88079A-1F19-43CC-8BFD-83F604118553}.Debug|Any CPU.ActiveCfg = Debug|Any CPU
		{5C88079A-1F19-43CC-8BFD-83F604118553}.Debug|Any CPU.Build.0 = Debug|Any CPU
		{5C88079A-1F19-43CC-8BFD-83F604118553}.Release|Any CPU.ActiveCfg = Release|Any CPU
		{5C88079A-1F19-43CC-8BFD-83F604118553}.Release|Any CPU.Build.0 = Release|Any CPU
	EndGlobalSection
	GlobalSection(SolutionProperties) = preSolution
		HideSolutionNode = FALSE
	EndGlobalSection
	GlobalSection(ExtensibilityGlobals) = postSolution
		SolutionGuid = {94C6F611-BB84-474F-8644-1B60648D01C2}
	EndGlobalSection
EndGlobal
