
Microsoft Visual Studio Solution File, Format Version 12.00
# Visual Studio 15
VisualStudioVersion = 15.0.27130.2010
MinimumVisualStudioVersion = 10.0.40219.1
Project("{9A19103F-16F7-4668-BE54-9A1E7A4F7556}") = "Test.IdentityServer4.AspNetIdentity", "Test.IdentityServer4.AspNetIdentity\Test.IdentityServer4.AspNetIdentity.csproj", "{7E6EA6CE-4D71-4897-87BE-CE00EFDDB0AD}"
EndProject
Project("{9A19103F-16F7-4668-BE54-9A1E7A4F7556}") = "Test.WebAPI", "Test.WebAPI\Test.WebAPI.csproj", "{453EF442-C82F-469D-8656-A811EB0D9C4A}"
EndProject
Project("{9A19103F-16F7-4668-BE54-9A1E7A4F7556}") = "Test.MvcClient", "Test.MvcClient\Test.MvcClient.csproj", "{5C88079A-1F19-43CC-8BFD-83F604118553}"
EndProject
Project("{9A19103F-16F7-4668-BE54-9A1E7A4F7556}") = "Test.IdentityServer4.Data", "Test.IdentityServer4.Data\Test.IdentityServer4.Data.csproj", "{B882F2CD-32CA-484D-8CA5-F64FEDE0CEF2}"
EndProject
Project("{9A19103F-16F7-4668-BE54-9A1E7A4F7556}") = "Test.JavaScriptClient", "Test.JavaScriptClient\Test.JavaScriptClient.csproj", "{8E2F48FD-A0E8-460E-B465-062A97CDE67E}"
EndProject
Project("{9A19103F-16F7-4668-BE54-9A1E7A4F7556}") = "Test.WebAPI.Swagger", "TestWebAPI.Swagger\Test.WebAPI.Swagger.csproj", "{F3528E6E-84B7-4762-B2CD-942A7618A513}"
EndProject
Project("{FAE04EC0-301F-11D3-BF4B-00C04F79EFBC}") = "Test.MvcClient.Login", "Test.MvcClient.Login\Test.MvcClient.Login.csproj", "{F1380DA7-B8F3-4447-A709-FA29D1AE7461}"
EndProject
Project("{FAE04EC0-301F-11D3-BF4B-00C04F79EFBC}") = "Test.IdentityServer4.Login", "Test.IdentityServer4.Login\Test.IdentityServer4.Login.csproj", "{313F0ADA-B3D3-4560-8128-52EB06A0A954}"
EndProject
Global
	GlobalSection(SolutionConfigurationPlatforms) = preSolution
		Debug|Any CPU = Debug|Any CPU
		Release|Any CPU = Release|Any CPU
	EndGlobalSection
	GlobalSection(ProjectConfigurationPlatforms) = postSolution
		{7E6EA6CE-4D71-4897-87BE-CE00EFDDB0AD}.Debug|Any CPU.ActiveCfg = Debug|Any CPU
		{7E6EA6CE-4D71-4897-87BE-CE00EFDDB0AD}.Debug|Any CPU.Build.0 = Debug|Any CPU
		{7E6EA6CE-4D71-4897-87BE-CE00EFDDB0AD}.Release|Any CPU.ActiveCfg = Release|Any CPU
		{7E6EA6CE-4D71-4897-87BE-CE00EFDDB0AD}.Release|Any CPU.Build.0 = Release|Any CPU
		{453EF442-C82F-469D-8656-A811EB0D9C4A}.Debug|Any CPU.ActiveCfg = Debug|Any CPU
		{453EF442-C82F-469D-8656-A811EB0D9C4A}.Debug|Any CPU.Build.0 = Debug|Any CPU
		{453EF442-C82F-469D-8656-A811EB0D9C4A}.Release|Any CPU.ActiveCfg = Release|Any CPU
		{453EF442-C82F-469D-8656-A811EB0D9C4A}.Release|Any CPU.Build.0 = Release|Any CPU
		{5C88079A-1F19-43CC-8BFD-83F604118553}.Debug|Any CPU.ActiveCfg = Debug|Any CPU
		{5C88079A-1F19-43CC-8BFD-83F604118553}.Debug|Any CPU.Build.0 = Debug|Any CPU
		{5C88079A-1F19-43CC-8BFD-83F604118553}.Release|Any CPU.ActiveCfg = Release|Any CPU
		{5C88079A-1F19-43CC-8BFD-83F604118553}.Release|Any CPU.Build.0 = Release|Any CPU
		{B882F2CD-32CA-484D-8CA5-F64FEDE0CEF2}.Debug|Any CPU.ActiveCfg = Debug|Any CPU
		{B882F2CD-32CA-484D-8CA5-F64FEDE0CEF2}.Debug|Any CPU.Build.0 = Debug|Any CPU
		{B882F2CD-32CA-484D-8CA5-F64FEDE0CEF2}.Release|Any CPU.ActiveCfg = Release|Any CPU
		{B882F2CD-32CA-484D-8CA5-F64FEDE0CEF2}.Release|Any CPU.Build.0 = Release|Any CPU
		{8E2F48FD-A0E8-460E-B465-062A97CDE67E}.Debug|Any CPU.ActiveCfg = Debug|Any CPU
		{8E2F48FD-A0E8-460E-B465-062A97CDE67E}.Debug|Any CPU.Build.0 = Debug|Any CPU
		{8E2F48FD-A0E8-460E-B465-062A97CDE67E}.Release|Any CPU.ActiveCfg = Release|Any CPU
		{8E2F48FD-A0E8-460E-B465-062A97CDE67E}.Release|Any CPU.Build.0 = Release|Any CPU
		{F3528E6E-84B7-4762-B2CD-942A7618A513}.Debug|Any CPU.ActiveCfg = Debug|Any CPU
		{F3528E6E-84B7-4762-B2CD-942A7618A513}.Debug|Any CPU.Build.0 = Debug|Any CPU
		{F3528E6E-84B7-4762-B2CD-942A7618A513}.Release|Any CPU.ActiveCfg = Release|Any CPU
		{F3528E6E-84B7-4762-B2CD-942A7618A513}.Release|Any CPU.Build.0 = Release|Any CPU
		{F1380DA7-B8F3-4447-A709-FA29D1AE7461}.Debug|Any CPU.ActiveCfg = Debug|Any CPU
		{F1380DA7-B8F3-4447-A709-FA29D1AE7461}.Debug|Any CPU.Build.0 = Debug|Any CPU
		{F1380DA7-B8F3-4447-A709-FA29D1AE7461}.Release|Any CPU.ActiveCfg = Release|Any CPU
		{F1380DA7-B8F3-4447-A709-FA29D1AE7461}.Release|Any CPU.Build.0 = Release|Any CPU
		{313F0ADA-B3D3-4560-8128-52EB06A0A954}.Debug|Any CPU.ActiveCfg = Debug|Any CPU
		{313F0ADA-B3D3-4560-8128-52EB06A0A954}.Debug|Any CPU.Build.0 = Debug|Any CPU
		{313F0ADA-B3D3-4560-8128-52EB06A0A954}.Release|Any CPU.ActiveCfg = Release|Any CPU
		{313F0ADA-B3D3-4560-8128-52EB06A0A954}.Release|Any CPU.Build.0 = Release|Any CPU
	EndGlobalSection
	GlobalSection(SolutionProperties) = preSolution
		HideSolutionNode = FALSE
	EndGlobalSection
	GlobalSection(ExtensibilityGlobals) = postSolution
		SolutionGuid = {94C6F611-BB84-474F-8644-1B60648D01C2}
	EndGlobalSection
EndGlobal
